
Microsoft Visual Studio Solution File, Format Version 12.00
# Visual Studio Version 16
VisualStudioVersion = 16.0.30413.136
MinimumVisualStudioVersion = 10.0.40219.1
Project("{FAE04EC0-301F-11D3-BF4B-00C04F79EFBC}") = "DumpReparsePoints", "DumpReparsePoints\DumpReparsePoints.csproj", "{BF099192-E6C3-4F0C-9D33-73282918B4EF}"
EndProject
Global
	GlobalSection(SolutionConfigurationPlatforms) = preSolution
		Debug|Any CPU = Debug|Any CPU
		Release|Any CPU = Release|Any CPU
	EndGlobalSection
	GlobalSection(ProjectConfigurationPlatforms) = postSolution
		{BF099192-E6C3-4F0C-9D33-73282918B4EF}.Debug|Any CPU.ActiveCfg = Debug|Any CPU
		{BF099192-E6C3-4F0C-9D33-73282918B4EF}.Debug|Any CPU.Build.0 = Debug|Any CPU
		{BF099192-E6C3-4F0C-9D33-73282918B4EF}.Release|Any CPU.ActiveCfg = Release|Any CPU
		{BF099192-E6C3-4F0C-9D33-73282918B4EF}.Release|Any CPU.Build.0 = Release|Any CPU
	EndGlobalSection
	GlobalSection(SolutionProperties) = preSolution
		HideSolutionNode = FALSE
	EndGlobalSection
	GlobalSection(ExtensibilityGlobals) = postSolution
		SolutionGuid = {C6937468-AEAD-45D8-A395-84C716903F65}
	EndGlobalSection
EndGlobal
